{
  "name": "jslm",
  "version": "1.0.0",
  "lockfileVersion": 1,
  "requires": true,
  "dependencies": {
    "@clevok/collect-util": {
      "version": "0.1.1",
      "resolved": "http://m.local:4873/@clevok%2fcollect-util/-/collect-util-0.1.1.tgz",
      "integrity": "sha512-hDgpf/U8s079ATbgoQVWwSg8q7SHQV6+rn9sqgXsqOv63W0cSLAjlVcE/t2tUXZYeVNJF8UJOiTVwCMNh4Njug==",
      "requires": {
        "@clevok/config": "^0.1.0",
        "@clevok/task-queue": "^0.1.0"
      }
    },
    "@clevok/config": {
      "version": "0.1.5",
      "resolved": "http://m.local:4873/@clevok%2fconfig/-/config-0.1.5.tgz",
      "integrity": "sha512-nc6Il/tfHIubJpbcFO4klkF5sgqtKpCydlSByV2voT5EO8cKHKl7tD92OH/RYhDNAWfmScwodJFSPEwQckg/Uw=="
    },
    "@clevok/event": {
      "version": "0.1.1",
      "resolved": "http://m.local:4873/@clevok%2fevent/-/event-0.1.1.tgz",
      "integrity": "sha512-DjV/UW2linIxHDnQjzPpLFvqSwclW6+xSM1dOZU+Wu4amwWLvpc1F4yIxbym8PpklYfSZiXRyBE3o4Tb8jMmNg=="
    },
    "@clevok/message": {
      "version": "0.0.1",
      "resolved": "http://m.local:4873/@clevok%2fmessage/-/message-0.0.1.tgz",
      "integrity": "sha512-4S8JB/XQaC8k+QkKIBlYiUlXI3BsBjMumxYI3oVRgCngicZYrdy2B58CiLo6M94qZH1ZOjPZFq5R6gqlkOXy0g=="
    },
    "@clevok/task-queue": {
      "version": "0.1.1",
      "resolved": "http://m.local:4873/@clevok%2ftask-queue/-/task-queue-0.1.1.tgz",
      "integrity": "sha512-Vnd47cDXBOVjCvuf6rc4t4W9/K2rW+XNAwmuJP6s7k6wetsJhBAdiYUcrdhiBo8xFCp5/EWJgnYaZSmQx11hIQ==",
      "requires": {
        "@clevok/message": "0.0.1"
      }
    },
    "miniprogram-api-typings": {
      "version": "2.12.0",
      "resolved": "http://m.local:4873/miniprogram-api-typings/-/miniprogram-api-typings-2.12.0.tgz",
      "integrity": "sha1-einJDz5e+jZYhCLR8B4i0zlKqqE=",
      "dev": true
    }
  }
}
